
Microsoft Visual Studio Solution File, Format Version 12.00
# Visual Studio Version 17
VisualStudioVersion = 17.14.36221.1 d17.14
MinimumVisualStudioVersion = 10.0.40219.1
Project("{FAE04EC0-301F-11D3-BF4B-00C04F79EFBC}") = "HotelAPI", "HotelAPI.csproj", "{D894B6F9-0438-4F64-97EE-C9E0E0D314FE}"
EndProject
Global
	GlobalSection(SolutionConfigurationPlatforms) = preSolution
		Debug|Any CPU = Debug|Any CPU
		Release|Any CPU = Release|Any CPU
	EndGlobalSection
	GlobalSection(ProjectConfigurationPlatforms) = postSolution
		{D894B6F9-0438-4F64-97EE-C9E0E0D314FE}.Debug|Any CPU.ActiveCfg = Debug|Any CPU
		{D894B6F9-0438-4F64-97EE-C9E0E0D314FE}.Debug|Any CPU.Build.0 = Debug|Any CPU
		{D894B6F9-0438-4F64-97EE-C9E0E0D314FE}.Release|Any CPU.ActiveCfg = Release|Any CPU
		{D894B6F9-0438-4F64-97EE-C9E0E0D314FE}.Release|Any CPU.Build.0 = Release|Any CPU
	EndGlobalSection
	GlobalSection(SolutionProperties) = preSolution
		HideSolutionNode = FALSE
	EndGlobalSection
	GlobalSection(ExtensibilityGlobals) = postSolution
		SolutionGuid = {26C255FF-0E76-448A-B315-02823FE7F350}
	EndGlobalSection
EndGlobal
